// !$*UTF8*$!
{
	archiveVersion = 1;
	classes = {
	};
	objectVersion = 50;
	objects = {

/* Begin PBXBuildFile section */
		E31B3030238A17A500CF0FAA /* AppDelegate.swift in Sources */ = {isa = PBXBuildFile; fileRef = E31B302F238A17A500CF0FAA /* AppDelegate.swift */; };
		E31B3032238A17A500CF0FAA /* ViewController.swift in Sources */ = {isa = PBXBuildFile; fileRef = E31B3031238A17A500CF0FAA /* ViewController.swift */; };
		E31B3035238A17A500CF0FAA /* Main.storyboard in Resources */ = {isa = PBXBuildFile; fileRef = E31B3033238A17A500CF0FAA /* Main.storyboard */; };
		E31B3037238A17A600CF0FAA /* Assets.xcassets in Resources */ = {isa = PBXBuildFile; fileRef = E31B3036238A17A600CF0FAA /* Assets.xcassets */; };
		E31B303A238A17A600CF0FAA /* LaunchScreen.storyboard in Resources */ = {isa = PBXBuildFile; fileRef = E31B3038238A17A600CF0FAA /* LaunchScreen.storyboard */; };
		E31B3045238A17A600CF0FAA /* macTest1Tests.swift in Sources */ = {isa = PBXBuildFile; fileRef = E31B3044238A17A600CF0FAA /* macTest1Tests.swift */; };
		E31B3050238A17A600CF0FAA /* macTest1UITests.swift in Sources */ = {isa = PBXBuildFile; fileRef = E31B304F238A17A600CF0FAA /* macTest1UITests.swift */; };
/* End PBXBuildFile section */

/* Begin PBXContainerItemProxy section */
		E31B3041238A17A600CF0FAA /* PBXContainerItemProxy */ = {
			isa = PBXContainerItemProxy;
			containerPortal = E31B3024238A17A500CF0FAA /* Project object */;
			proxyType = 1;
			remoteGlobalIDString = E31B302B238A17A500CF0FAA;
			remoteInfo = macTest1;
		};
		E31B304C238A17A600CF0FAA /* PBXContainerItemProxy */ = {
			isa = PBXContainerItemProxy;
			containerPortal = E31B3024238A17A500CF0FAA /* Project object */;
			proxyType = 1;
			remoteGlobalIDString = E31B302B238A17A500CF0FAA;
			remoteInfo = macTest1;
		};
/* End PBXContainerItemProxy section */

/* Begin PBXFileReference section */
		E31B302C238A17A500CF0FAA /* macTest1.app */ = {isa = PBXFileReference; explicitFileType = wrapper.application; includeInIndex = 0; path = macTest1.app; sourceTree = BUILT_PRODUCTS_DIR; };
		E31B302F238A17A500CF0FAA /* AppDelegate.swift */ = {isa = PBXFileReference; lastKnownFileType = sourcecode.swift; path = AppDelegate.swift; sourceTree = "<group>"; };
		E31B3031238A17A500CF0FAA /* ViewController.swift */ = {isa = PBXFileReference; lastKnownFileType = sourcecode.swift; path = ViewController.swift; sourceTree = "<group>"; };
		E31B3034238A17A500CF0FAA /* Base */ = {isa = PBXFileReference; lastKnownFileType = file.storyboard; name = Base; path = Base.lproj/Main.storyboard; sourceTree = "<group>"; };
		E31B3036238A17A600CF0FAA /* Assets.xcassets */ = {isa = PBXFileReference; lastKnownFileType = folder.assetcatalog; path = Assets.xcassets; sourceTree = "<group>"; };
		E31B3039238A17A600CF0FAA /* Base */ = {isa = PBXFileReference; lastKnownFileType = file.storyboard; name = Base; path = Base.lproj/LaunchScreen.storyboard; sourceTree = "<group>"; };
		E31B303B238A17A600CF0FAA /* Info.plist */ = {isa = PBXFileReference; lastKnownFileType = text.plist.xml; path = Info.plist; sourceTree = "<group>"; };
		E31B3040238A17A600CF0FAA /* macTest1Tests.xctest */ = {isa = PBXFileReference; explicitFileType = wrapper.cfbundle; includeInIndex = 0; path = macTest1Tests.xctest; sourceTree = BUILT_PRODUCTS_DIR; };
		E31B3044238A17A600CF0FAA /* macTest1Tests.swift */ = {isa = PBXFileReference; lastKnownFileType = sourcecode.swift; path = macTest1Tests.swift; sourceTree = "<group>"; };
		E31B3046238A17A600CF0FAA /* Info.plist */ = {isa = PBXFileReference; lastKnownFileType = text.plist.xml; path = Info.plist; sourceTree = "<group>"; };
		E31B304B238A17A600CF0FAA /* macTest1UITests.xctest */ = {isa = PBXFileReference; explicitFileType = wrapper.cfbundle; includeInIndex = 0; path = macTest1UITests.xctest; sourceTree = BUILT_PRODUCTS_DIR; };
		E31B304F238A17A600CF0FAA /* macTest1UITests.swift */ = {isa = PBXFileReference; lastKnownFileType = sourcecode.swift; path = macTest1UITests.swift; sourceTree = "<group>"; };
		E31B3051238A17A600CF0FAA /* Info.plist */ = {isa = PBXFileReference; lastKnownFileType = text.plist.xml; path = Info.plist; sourceTree = "<group>"; };
/* End PBXFileReference section */

/* Begin PBXFrameworksBuildPhase section */
		E31B3029238A17A500CF0FAA /* Frameworks */ = {
			isa = PBXFrameworksBuildPhase;
			buildActionMask = 2147483647;
			files = (
			);
			runOnlyForDeploymentPostprocessing = 0;
		};
		E31B303D238A17A600CF0FAA /* Frameworks */ = {
			isa = PBXFrameworksBuildPhase;
			buildActionMask = 2147483647;
			files = (
			);
			runOnlyForDeploymentPostprocessing = 0;
		};
		E31B3048238A17A600CF0FAA /* Frameworks */ = {
			isa = PBXFrameworksBuildPhase;
			buildActionMask = 2147483647;
			files = (
			);
			runOnlyForDeploymentPostprocessing = 0;
		};
/* End PBXFrameworksBuildPhase section */

/* Begin PBXGroup section */
		E31B3023238A17A500CF0FAA = {
			isa = PBXGroup;
			children = (
				E31B302E238A17A500CF0FAA /* macTest1 */,
				E31B3043238A17A600CF0FAA /* macTest1Tests */,
				E31B304E238A17A600CF0FAA /* macTest1UITests */,
				E31B302D238A17A500CF0FAA /* Products */,
			);
			sourceTree = "<group>";
		};
		E31B302D238A17A500CF0FAA /* Products */ = {
			isa = PBXGroup;
			children = (
				E31B302C238A17A500CF0FAA /* macTest1.app */,
				E31B3040238A17A600CF0FAA /* macTest1Tests.xctest */,
				E31B304B238A17A600CF0FAA /* macTest1UITests.xctest */,
			);
			name = Products;
			sourceTree = "<group>";
		};
		E31B302E238A17A500CF0FAA /* macTest1 */ = {
			isa = PBXGroup;
			children = (
				E31B302F238A17A500CF0FAA /* AppDelegate.swift */,
				E31B3031238A17A500CF0FAA /* ViewController.swift */,
				E31B3033238A17A500CF0FAA /* Main.storyboard */,
				E31B3036238A17A600CF0FAA /* Assets.xcassets */,
				E31B3038238A17A600CF0FAA /* LaunchScreen.storyboard */,
				E31B303B238A17A600CF0FAA /* Info.plist */,
			);
			path = macTest1;
			sourceTree = "<group>";
		};
		E31B3043238A17A600CF0FAA /* macTest1Tests */ = {
			isa = PBXGroup;
			children = (
				E31B3044238A17A600CF0FAA /* macTest1Tests.swift */,
				E31B3046238A17A600CF0FAA /* Info.plist */,
			);
			path = macTest1Tests;
			sourceTree = "<group>";
		};
		E31B304E238A17A600CF0FAA /* macTest1UITests */ = {
			isa = PBXGroup;
			children = (
				E31B304F238A17A600CF0FAA /* macTest1UITests.swift */,
				E31B3051238A17A600CF0FAA /* Info.plist */,
			);
			path = macTest1UITests;
			sourceTree = "<group>";
		};
/* End PBXGroup section */

/* Begin PBXNativeTarget section */
		E31B302B238A17A500CF0FAA /* macTest1 */ = {
			isa = PBXNativeTarget;
			buildConfigurationList = E31B3054238A17A600CF0FAA /* Build configuration list for PBXNativeTarget "macTest1" */;
			buildPhases = (
				E31B3028238A17A500CF0FAA /* Sources */,
				E31B3029238A17A500CF0FAA /* Frameworks */,
				E31B302A238A17A500CF0FAA /* Resources */,
			);
			buildRules = (
			);
			dependencies = (
			);
			name = macTest1;
			productName = macTest1;
			productReference = E31B302C238A17A500CF0FAA /* macTest1.app */;
			productType = "com.apple.product-type.application";
		};
		E31B303F238A17A600CF0FAA /* macTest1Tests */ = {
			isa = PBXNativeTarget;
			buildConfigurationList = E31B3057238A17A600CF0FAA /* Build configuration list for PBXNativeTarget "macTest1Tests" */;
			buildPhases = (
				E31B303C238A17A600CF0FAA /* Sources */,
				E31B303D238A17A600CF0FAA /* Frameworks */,
				E31B303E238A17A600CF0FAA /* Resources */,
			);
			buildRules = (
			);
			dependencies = (
				E31B3042238A17A600CF0FAA /* PBXTargetDependency */,
			);
			name = macTest1Tests;
			productName = macTest1Tests;
			productReference = E31B3040238A17A600CF0FAA /* macTest1Tests.xctest */;
			productType = "com.apple.product-type.bundle.unit-test";
		};
		E31B304A238A17A600CF0FAA /* macTest1UITests */ = {
			isa = PBXNativeTarget;
			buildConfigurationList = E31B305A238A17A600CF0FAA /* Build configuration list for PBXNativeTarget "macTest1UITests" */;
			buildPhases = (
				E31B3047238A17A600CF0FAA /* Sources */,
				E31B3048238A17A600CF0FAA /* Frameworks */,
				E31B3049238A17A600CF0FAA /* Resources */,
			);
			buildRules = (
			);
			dependencies = (
				E31B304D238A17A600CF0FAA /* PBXTargetDependency */,
			);
			name = macTest1UITests;
			productName = macTest1UITests;
			productReference = E31B304B238A17A600CF0FAA /* macTest1UITests.xctest */;
			productType = "com.apple.product-type.bundle.ui-testing";
		};
/* End PBXNativeTarget section */

/* Begin PBXProject section */
		E31B3024238A17A500CF0FAA /* Project object */ = {
			isa = PBXProject;
			attributes = {
				LastSwiftUpdateCheck = 0940;
				LastUpgradeCheck = 0940;
				ORGANIZATIONNAME = cp;
				TargetAttributes = {
					E31B302B238A17A500CF0FAA = {
						CreatedOnToolsVersion = 9.4.1;
					};
					E31B303F238A17A600CF0FAA = {
						CreatedOnToolsVersion = 9.4.1;
						TestTargetID = E31B302B238A17A500CF0FAA;
					};
					E31B304A238A17A600CF0FAA = {
						CreatedOnToolsVersion = 9.4.1;
						TestTargetID = E31B302B238A17A500CF0FAA;
					};
				};
			};
			buildConfigurationList = E31B3027238A17A500CF0FAA /* Build configuration list for PBXProject "macTest1" */;
			compatibilityVersion = "Xcode 9.3";
			developmentRegion = en;
			hasScannedForEncodings = 0;
			knownRegions = (
				en,
				Base,
			);
			mainGroup = E31B3023238A17A500CF0FAA;
			productRefGroup = E31B302D238A17A500CF0FAA /* Products */;
			projectDirPath = "";
			projectRoot = "";
			targets = (
				E31B302B238A17A500CF0FAA /* macTest1 */,
				E31B303F238A17A600CF0FAA /* macTest1Tests */,
				E31B304A238A17A600CF0FAA /* macTest1UITests */,
			);
		};
/* End PBXProject section */

/* Begin PBXResourcesBuildPhase section */
		E31B302A238A17A500CF0FAA /* Resources */ = {
			isa = PBXResourcesBuildPhase;
			buildActionMask = 2147483647;
			files = (
				E31B303A238A17A600CF0FAA /* LaunchScreen.storyboard in Resources */,
				E31B3037238A17A600CF0FAA /* Assets.xcassets in Resources */,
				E31B3035238A17A500CF0FAA /* Main.storyboard in Resources */,
			);
			runOnlyForDeploymentPostprocessing = 0;
		};
		E31B303E238A17A600CF0FAA /* Resources */ = {
			isa = PBXResourcesBuildPhase;
			buildActionMask = 2147483647;
			files = (
			);
			runOnlyForDeploymentPostprocessing = 0;
		};
		E31B3049238A17A600CF0FAA /* Resources */ = {
			isa = PBXResourcesBuildPhase;
			buildActionMask = 2147483647;
			files = (
			);
			runOnlyForDeploymentPostprocessing = 0;
		};
/* End PBXResourcesBuildPhase section */

/* Begin PBXSourcesBuildPhase section */
		E31B3028238A17A500CF0FAA /* Sources */ = {
			isa = PBXSourcesBuildPhase;
			buildActionMask = 2147483647;
			files = (
				E31B3032238A17A500CF0FAA /* ViewController.swift in Sources */,
				E31B3030238A17A500CF0FAA /* AppDelegate.swift in Sources */,
			);
			runOnlyForDeploymentPostprocessing = 0;
		};
		E31B303C238A17A600CF0FAA /* Sources */ = {
			isa = PBXSourcesBuildPhase;
			buildActionMask = 2147483647;
			files = (
				E31B3045238A17A600CF0FAA /* macTest1Tests.swift in Sources */,
			);
			runOnlyForDeploymentPostprocessing = 0;
		};
		E31B3047238A17A600CF0FAA /* Sources */ = {
			isa = PBXSourcesBuildPhase;
			buildActionMask = 2147483647;
			files = (
				E31B3050238A17A600CF0FAA /* macTest1UITests.swift in Sources */,
			);
			runOnlyForDeploymentPostprocessing = 0;
		};
/* End PBXSourcesBuildPhase section */

/* Begin PBXTargetDependency section */
		E31B3042238A17A600CF0FAA /* PBXTargetDependency */ = {
			isa = PBXTargetDependency;
			target = E31B302B238A17A500CF0FAA /* macTest1 */;
			targetProxy = E31B3041238A17A600CF0FAA /* PBXContainerItemProxy */;
		};
		E31B304D238A17A600CF0FAA /* PBXTargetDependency */ = {
			isa = PBXTargetDependency;
			target = E31B302B238A17A500CF0FAA /* macTest1 */;
			targetProxy = E31B304C238A17A600CF0FAA /* PBXContainerItemProxy */;
		};
/* End PBXTargetDependency section */

/* Begin PBXVariantGroup section */
		E31B3033238A17A500CF0FAA /* Main.storyboard */ = {
			isa = PBXVariantGroup;
			children = (
				E31B3034238A17A500CF0FAA /* Base */,
			);
			name = Main.storyboard;
			sourceTree = "<group>";
		};
		E31B3038238A17A600CF0FAA /* LaunchScreen.storyboard */ = {
			isa = PBXVariantGroup;
			children = (
				E31B3039238A17A600CF0FAA /* Base */,
			);
			name = LaunchScreen.storyboard;
			sourceTree = "<group>";
		};
/* End PBXVariantGroup section */

/* Begin XCBuildConfiguration section */
		E31B3052238A17A600CF0FAA /* Debug */ = {
			isa = XCBuildConfiguration;
			buildSettings = {
				ALWAYS_SEARCH_USER_PATHS = NO;
				CLANG_ANALYZER_NONNULL = YES;
				CLANG_ANALYZER_NUMBER_OBJECT_CONVERSION = YES_AGGRESSIVE;
				CLANG_CXX_LANGUAGE_STANDARD = "gnu++14";
				CLANG_CXX_LIBRARY = "libc++";
				CLANG_ENABLE_MODULES = YES;
				CLANG_ENABLE_OBJC_ARC = YES;
				CLANG_ENABLE_OBJC_WEAK = YES;
				CLANG_WARN_BLOCK_CAPTURE_AUTORELEASING = YES;
				CLANG_WARN_BOOL_CONVERSION = YES;
				CLANG_WARN_COMMA = YES;
				CLANG_WARN_CONSTANT_CONVERSION = YES;
				CLANG_WARN_DEPRECATED_OBJC_IMPLEMENTATIONS = YES;
				CLANG_WARN_DIRECT_OBJC_ISA_USAGE = YES_ERROR;
				CLANG_WARN_DOCUMENTATION_COMMENTS = YES;
				CLANG_WARN_EMPTY_BODY = YES;
				CLANG_WARN_ENUM_CONVERSION = YES;
				CLANG_WARN_INFINITE_RECURSION = YES;
				CLANG_WARN_INT_CONVERSION = YES;
				CLANG_WARN_NON_LITERAL_NULL_CONVERSION = YES;
				CLANG_WARN_OBJC_IMPLICIT_RETAIN_SELF = YES;
				CLANG_WARN_OBJC_LITERAL_CONVERSION = YES;
				CLANG_WARN_OBJC_ROOT_CLASS = YES_ERROR;
				CLANG_WARN_RANGE_LOOP_ANALYSIS = YES;
				CLANG_WARN_STRICT_PROTOTYPES = YES;
				CLANG_WARN_SUSPICIOUS_MOVE = YES;
				CLANG_WARN_UNGUARDED_AVAILABILITY = YES_AGGRESSIVE;
				CLANG_WARN_UNREACHABLE_CODE = YES;
				CLANG_WARN__DUPLICATE_METHOD_MATCH = YES;
				CODE_SIGN_IDENTITY = "iPhone Developer";
				COPY_PHASE_STRIP = NO;
				DEBUG_INFORMATION_FORMAT = dwarf;
				ENABLE_STRICT_OBJC_MSGSEND = YES;
				ENABLE_TESTABILITY = YES;
				GCC_C_LANGUAGE_STANDARD = gnu11;
				GCC_DYNAMIC_NO_PIC = NO;
				GCC_NO_COMMON_BLOCKS = YES;
				GCC_OPTIMIZATION_LEVEL = 0;
				GCC_PREPROCESSOR_DEFINITIONS = (
					"DEBUG=1",
					"$(inherited)",
				);
				GCC_WARN_64_TO_32_BIT_CONVERSION = YES;
				GCC_WARN_ABOUT_RETURN_TYPE = YES_ERROR;
				GCC_WARN_UNDECLARED_SELECTOR = YES;
				GCC_WARN_UNINITIALIZED_AUTOS = YES_AGGRESSIVE;
				GCC_WARN_UNUSED_FUNCTION = YES;
				GCC_WARN_UNUSED_VARIABLE = YES;
				IPHONEOS_DEPLOYMENT_TARGET = 11.4;
				MTL_ENABLE_DEBUG_INFO = YES;
				ONLY_ACTIVE_ARCH = YES;
				SDKROOT = iphoneos;
				SWIFT_ACTIVE_COMPILATION_CONDITIONS = DEBUG;
				SWIFT_OPTIMIZATION_LEVEL = "-Onone";
			};
			name = Debug;
		};
		E31B3053238A17A600CF0FAA /* Release */ = {
			isa = XCBuildConfiguration;
			buildSettings = {
				ALWAYS_SEARCH_USER_PATHS = NO;
				CLANG_ANALYZER_NONNULL = YES;
				CLANG_ANALYZER_NUMBER_OBJECT_CONVERSION = YES_AGGRESSIVE;
				CLANG_CXX_LANGUAGE_STANDARD = "gnu++14";
				CLANG_CXX_LIBRARY = "libc++";
				CLANG_ENABLE_MODULES = YES;
				CLANG_ENABLE_OBJC_ARC = YES;
				CLANG_ENABLE_OBJC_WEAK = YES;
				CLANG_WARN_BLOCK_CAPTURE_AUTORELEASING = YES;
				CLANG_WARN_BOOL_CONVERSION = YES;
				CLANG_WARN_COMMA = YES;
				CLANG_WARN_CONSTANT_CONVERSION = YES;
				CLANG_WARN_DEPRECATED_OBJC_IMPLEMENTATIONS = YES;
				CLANG_WARN_DIRECT_OBJC_ISA_USAGE = YES_ERROR;
				CLANG_WARN_DOCUMENTATION_COMMENTS = YES;
				CLANG_WARN_EMPTY_BODY = YES;
				CLANG_WARN_ENUM_CONVERSION = YES;
				CLANG_WARN_INFINITE_RECURSION = YES;
				CLANG_WARN_INT_CONVERSION = YES;
				CLANG_WARN_NON_LITERAL_NULL_CONVERSION = YES;
				CLANG_WARN_OBJC_IMPLICIT_RETAIN_SELF = YES;
				CLANG_WARN_OBJC_LITERAL_CONVERSION = YES;
				CLANG_WARN_OBJC_ROOT_CLASS = YES_ERROR;
				CLANG_WARN_RANGE_LOOP_ANALYSIS = YES;
				CLANG_WARN_STRICT_PROTOTYPES = YES;
				CLANG_WARN_SUSPICIOUS_MOVE = YES;
				CLANG_WARN_UNGUARDED_AVAILABILITY = YES_AGGRESSIVE;
				CLANG_WARN_UNREACHABLE_CODE = YES;
				CLANG_WARN__DUPLICATE_METHOD_MATCH = YES;
				CODE_SIGN_IDENTITY = "iPhone Developer";
				COPY_PHASE_STRIP = NO;
				DEBUG_INFORMATION_FORMAT = "dwarf-with-dsym";
				ENABLE_NS_ASSERTIONS = NO;
				ENABLE_STRICT_OBJC_MSGSEND = YES;
				GCC_C_LANGUAGE_STANDARD = gnu11;
				GCC_NO_COMMON_BLOCKS = YES;
				GCC_WARN_64_TO_32_BIT_CONVERSION = YES;
				GCC_WARN_ABOUT_RETURN_TYPE = YES_ERROR;
				GCC_WARN_UNDECLARED_SELECTOR = YES;
				GCC_WARN_UNINITIALIZED_AUTOS = YES_AGGRESSIVE;
				GCC_WARN_UNUSED_FUNCTION = YES;
				GCC_WARN_UNUSED_VARIABLE = YES;
				IPHONEOS_DEPLOYMENT_TARGET = 11.4;
				MTL_ENABLE_DEBUG_INFO = NO;
				SDKROOT = iphoneos;
				SWIFT_COMPILATION_MODE = wholemodule;
				SWIFT_OPTIMIZATION_LEVEL = "-O";
				VALIDATE_PRODUCT = YES;
			};
			name = Release;
		};
		E31B3055238A17A600CF0FAA /* Debug */ = {
			isa = XCBuildConfiguration;
			buildSettings = {
				ASSETCATALOG_COMPILER_APPICON_NAME = AppIcon;
				CODE_SIGN_STYLE = Automatic;
				INFOPLIST_FILE = macTest1/Info.plist;
				LD_RUNPATH_SEARCH_PATHS = (
					"$(inherited)",
					"@executable_path/Frameworks",
				);
				PRODUCT_BUNDLE_IDENTIFIER = com.test.app.macTest1;
				PRODUCT_NAME = "$(TARGET_NAME)";
				SWIFT_VERSION = 4.0;
				TARGETED_DEVICE_FAMILY = "1,2";
			};
			name = Debug;
		};
		E31B3056238A17A600CF0FAA /* Release */ = {
			isa = XCBuildConfiguration;
			buildSettings = {
				ASSETCATALOG_COMPILER_APPICON_NAME = AppIcon;
				CODE_SIGN_STYLE = Automatic;
				INFOPLIST_FILE = macTest1/Info.plist;
				LD_RUNPATH_SEARCH_PATHS = (
					"$(inherited)",
					"@executable_path/Frameworks",
				);
				PRODUCT_BUNDLE_IDENTIFIER = com.test.app.macTest1;
				PRODUCT_NAME = "$(TARGET_NAME)";
				SWIFT_VERSION = 4.0;
				TARGETED_DEVICE_FAMILY = "1,2";
			};
			name = Release;
		};
		E31B3058238A17A600CF0FAA /* Debug */ = {
			isa = XCBuildConfiguration;
			buildSettings = {
				ALWAYS_EMBED_SWIFT_STANDARD_LIBRARIES = YES;
				BUNDLE_LOADER = "$(TEST_HOST)";
				CODE_SIGN_STYLE = Automatic;
				INFOPLIST_FILE = macTest1Tests/Info.plist;
				LD_RUNPATH_SEARCH_PATHS = (
					"$(inherited)",
					"@executable_path/Frameworks",
					"@loader_path/Frameworks",
				);
				PRODUCT_BUNDLE_IDENTIFIER = com.test.app.macTest1Tests;
				PRODUCT_NAME = "$(TARGET_NAME)";
				SWIFT_VERSION = 4.0;
				TARGETED_DEVICE_FAMILY = "1,2";
				TEST_HOST = "$(BUILT_PRODUCTS_DIR)/macTest1.app/macTest1";
			};
			name = Debug;
		};
		E31B3059238A17A600CF0FAA /* Release */ = {
			isa = XCBuildConfiguration;
			buildSettings = {
				ALWAYS_EMBED_SWIFT_STANDARD_LIBRARIES = YES;
				BUNDLE_LOADER = "$(TEST_HOST)";
				CODE_SIGN_STYLE = Automatic;
				INFOPLIST_FILE = macTest1Tests/Info.plist;
				LD_RUNPATH_SEARCH_PATHS = (
					"$(inherited)",
					"@executable_path/Frameworks",
					"@loader_path/Frameworks",
				);
				PRODUCT_BUNDLE_IDENTIFIER = com.test.app.macTest1Tests;
				PRODUCT_NAME = "$(TARGET_NAME)";
				SWIFT_VERSION = 4.0;
				TARGETED_DEVICE_FAMILY = "1,2";
				TEST_HOST = "$(BUILT_PRODUCTS_DIR)/macTest1.app/macTest1";
			};
			name = Release;
		};
		E31B305B238A17A600CF0FAA /* Debug */ = {
			isa = XCBuildConfiguration;
			buildSettings = {
				ALWAYS_EMBED_SWIFT_STANDARD_LIBRARIES = YES;
				CODE_SIGN_STYLE = Automatic;
				INFOPLIST_FILE = macTest1UITests/Info.plist;
				LD_RUNPATH_SEARCH_PATHS = (
					"$(inherited)",
					"@executable_path/Frameworks",
					"@loader_path/Frameworks",
				);
				PRODUCT_BUNDLE_IDENTIFIER = com.test.app.macTest1UITests;
				PRODUCT_NAME = "$(TARGET_NAME)";
				SWIFT_VERSION = 4.0;
				TARGETED_DEVICE_FAMILY = "1,2";
				TEST_TARGET_NAME = macTest1;
			};
			name = Debug;
		};
		E31B305C238A17A600CF0FAA /* Release */ = {
			isa = XCBuildConfiguration;
			buildSettings = {
				ALWAYS_EMBED_SWIFT_STANDARD_LIBRARIES = YES;
				CODE_SIGN_STYLE = Automatic;
				INFOPLIST_FILE = macTest1UITests/Info.plist;
				LD_RUNPATH_SEARCH_PATHS = (
					"$(inherited)",
					"@executable_path/Frameworks",
					"@loader_path/Frameworks",
				);
				PRODUCT_BUNDLE_IDENTIFIER = com.test.app.macTest1UITests;
				PRODUCT_NAME = "$(TARGET_NAME)";
				SWIFT_VERSION = 4.0;
				TARGETED_DEVICE_FAMILY = "1,2";
				TEST_TARGET_NAME = macTest1;
			};
			name = Release;
		};
/* End XCBuildConfiguration section */

/* Begin XCConfigurationList section */
		E31B3027238A17A500CF0FAA /* Build configuration list for PBXProject "macTest1" */ = {
			isa = XCConfigurationList;
			buildConfigurations = (
				E31B3052238A17A600CF0FAA /* Debug */,
				E31B3053238A17A600CF0FAA /* Release */,
			);
			defaultConfigurationIsVisible = 0;
			defaultConfigurationName = Release;
		};
		E31B3054238A17A600CF0FAA /* Build configuration list for PBXNativeTarget "macTest1" */ = {
			isa = XCConfigurationList;
			buildConfigurations = (
				E31B3055238A17A600CF0FAA /* Debug */,
				E31B3056238A17A600CF0FAA /* Release */,
			);
			defaultConfigurationIsVisible = 0;
			defaultConfigurationName = Release;
		};
		E31B3057238A17A600CF0FAA /* Build configuration list for PBXNativeTarget "macTest1Tests" */ = {
			isa = XCConfigurationList;
			buildConfigurations = (
				E31B3058238A17A600CF0FAA /* Debug */,
				E31B3059238A17A600CF0FAA /* Release */,
			);
			defaultConfigurationIsVisible = 0;
			defaultConfigurationName = Release;
		};
		E31B305A238A17A600CF0FAA /* Build configuration list for PBXNativeTarget "macTest1UITests" */ = {
			isa = XCConfigurationList;
			buildConfigurations = (
				E31B305B238A17A600CF0FAA /* Debug */,
				E31B305C238A17A600CF0FAA /* Release */,
			);
			defaultConfigurationIsVisible = 0;
			defaultConfigurationName = Release;
		};
/* End XCConfigurationList section */
	};
	rootObject = E31B3024238A17A500CF0FAA /* Project object */;
}
